{
  "name": "infra-monitoring",
  "version": "1.0.0",
  "lockfileVersion": 2,
  "requires": true,
  "packages": {
    "": {
      "version": "1.0.0",
      "license": "ISC",
      "dependencies": {
        "@mhlabs/aws-sdk-sso": "^0.0.16",
        "@slack/web-api": "^6.4.0"
      }
    },
    "node_modules/@aws-sdk/shared-ini-file-loader": {
      "version": "3.29.0",
      "resolved": "https://registry.npmjs.org/@aws-sdk/shared-ini-file-loader/-/shared-ini-file-loader-3.29.0.tgz",
      "integrity": "sha512-x4Chk4+iMiYaxcomZjdg7IwU1mQhJ7iPl/3RrIqCShPIOZDwwH4vLl6Fw0bniOZiHK30JQ1wlAgLxzVP0JMHTw==",
      "dependencies": {
        "tslib": "^2.3.0"
      },
      "engines": {
        "node": ">= 10.0.0"
      }
    },
    "node_modules/@mhlabs/aws-sdk-sso": {
      "version": "0.0.16",
      "resolved": "https://registry.npmjs.org/@mhlabs/aws-sdk-sso/-/aws-sdk-sso-0.0.16.tgz",
      "integrity": "sha512-2/4NoPr6LdGORmFi2rubeIIcPWJOaghJNH3bRjPuPw6QEY379PKTUDNYbLb65fbtIARLc+GZvd8YtPBt2hNRKw==",
      "dependencies": {
        "@aws-sdk/shared-ini-file-loader": "^3.7.0",
        "open": "^7.1.0",
        "sha1": "^1.1.1"
      }
    },
    "node_modules/@slack/logger": {
      "version": "3.0.0",
      "resolved": "https://registry.npmjs.org/@slack/logger/-/logger-3.0.0.tgz",
      "integrity": "sha512-DTuBFbqu4gGfajREEMrkq5jBhcnskinhr4+AnfJEk48zhVeEv3XnUKGIX98B74kxhYsIMfApGGySTn7V3b5yBA==",
      "dependencies": {
        "@types/node": ">=12.0.0"
      },
      "engines": {
        "node": ">= 12.13.0",
        "npm": ">= 6.12.0"
      }
    },
    "node_modules/@slack/types": {
      "version": "2.2.0",
      "resolved": "https://registry.npmjs.org/@slack/types/-/types-2.2.0.tgz",
      "integrity": "sha512-/yHEFvgp0UY/lfFvQqbq9BocW/pM4xnGycqGAx+plRgYp96dZp1y50Whz7yzOgasEUsy5TyQfBK07cj0RwUyIg==",
      "engines": {
        "node": ">= 12.13.0",
        "npm": ">= 6.12.0"
      }
    },
    "node_modules/@slack/web-api": {
      "version": "6.4.0",
      "resolved": "https://registry.npmjs.org/@slack/web-api/-/web-api-6.4.0.tgz",
      "integrity": "sha512-Hi0pq60d/zCqn1UQvuSyrMcoLGNbKUBL/Tmk1b1RPTZdVYiRK8zp337glvhxTBwiaGOu+58uO5yflpK1AAuoRw==",
      "dependencies": {
        "@slack/logger": "^3.0.0",
        "@slack/types": "^2.0.0",
        "@types/is-stream": "^1.1.0",
        "@types/node": ">=12.0.0",
        "axios": "^0.21.1",
        "eventemitter3": "^3.1.0",
        "form-data": "^2.5.0",
        "is-electron": "^2.2.0",
        "is-stream": "^1.1.0",
        "p-queue": "^6.6.1",
        "p-retry": "^4.0.0"
      },
      "engines": {
        "node": ">= 12.13.0",
        "npm": ">= 6.12.0"
      }
    },
    "node_modules/@types/is-stream": {
      "version": "1.1.0",
      "resolved": "https://registry.npmjs.org/@types/is-stream/-/is-stream-1.1.0.tgz",
      "integrity": "sha512-jkZatu4QVbR60mpIzjINmtS1ZF4a/FqdTUTBeQDVOQ2PYyidtwFKr0B5G6ERukKwliq+7mIXvxyppwzG5EgRYg==",
      "dependencies": {
        "@types/node": "*"
      }
    },
    "node_modules/@types/node": {
      "version": "16.9.1",
      "resolved": "https://registry.npmjs.org/@types/node/-/node-16.9.1.tgz",
      "integrity": "sha512-QpLcX9ZSsq3YYUUnD3nFDY8H7wctAhQj/TFKL8Ya8v5fMm3CFXxo8zStsLAl780ltoYoo1WvKUVGBQK+1ifr7g=="
    },
    "node_modules/@types/retry": {
      "version": "0.12.1",
      "resolved": "https://registry.npmjs.org/@types/retry/-/retry-0.12.1.tgz",
      "integrity": "sha512-xoDlM2S4ortawSWORYqsdU+2rxdh4LRW9ytc3zmT37RIKQh6IHyKwwtKhKis9ah8ol07DCkZxPt8BBvPjC6v4g=="
    },
    "node_modules/asynckit": {
      "version": "0.4.0",
      "resolved": "https://registry.npmjs.org/asynckit/-/asynckit-0.4.0.tgz",
      "integrity": "sha1-x57Zf380y48robyXkLzDZkdLS3k="
    },
    "node_modules/axios": {
      "version": "0.21.4",
      "resolved": "https://registry.npmjs.org/axios/-/axios-0.21.4.tgz",
      "integrity": "sha512-ut5vewkiu8jjGBdqpM44XxjuCjq9LAKeHVmoVfHVzy8eHgxxq8SbAVQNovDA8mVi05kP0Ea/n/UzcSHcTJQfNg==",
      "dependencies": {
        "follow-redirects": "^1.14.0"
      }
    },
    "node_modules/charenc": {
      "version": "0.0.2",
      "resolved": "https://registry.npmjs.org/charenc/-/charenc-0.0.2.tgz",
      "integrity": "sha1-wKHS86cJLgN3S/qD8UwPxXkKhmc=",
      "engines": {
        "node": "*"
      }
    },
    "node_modules/combined-stream": {
      "version": "1.0.8",
      "resolved": "https://registry.npmjs.org/combined-stream/-/combined-stream-1.0.8.tgz",
      "integrity": "sha512-FQN4MRfuJeHf7cBbBMJFXhKSDq+2kAArBlmRBvcvFE5BB1HZKXtSFASDhdlz9zOYwxh8lDdnvmMOe/+5cdoEdg==",
      "dependencies": {
        "delayed-stream": "~1.0.0"
      },
      "engines": {
        "node": ">= 0.8"
      }
    },
    "node_modules/crypt": {
      "version": "0.0.2",
      "resolved": "https://registry.npmjs.org/crypt/-/crypt-0.0.2.tgz",
      "integrity": "sha1-iNf/fsDfuG9xPch7u0LQRNPmxBs=",
      "engines": {
        "node": "*"
      }
    },
    "node_modules/delayed-stream": {
      "version": "1.0.0",
      "resolved": "https://registry.npmjs.org/delayed-stream/-/delayed-stream-1.0.0.tgz",
      "integrity": "sha1-3zrhmayt+31ECqrgsp4icrJOxhk=",
      "engines": {
        "node": ">=0.4.0"
      }
    },
    "node_modules/eventemitter3": {
      "version": "3.1.2",
      "resolved": "https://registry.npmjs.org/eventemitter3/-/eventemitter3-3.1.2.tgz",
      "integrity": "sha512-tvtQIeLVHjDkJYnzf2dgVMxfuSGJeM/7UCG17TT4EumTfNtF+0nebF/4zWOIkCreAbtNqhGEboB6BWrwqNaw4Q=="
    },
    "node_modules/follow-redirects": {
      "version": "1.14.3",
      "resolved": "https://registry.npmjs.org/follow-redirects/-/follow-redirects-1.14.3.tgz",
      "integrity": "sha512-3MkHxknWMUtb23apkgz/83fDoe+y+qr0TdgacGIA7bew+QLBo3vdgEN2xEsuXNivpFy4CyDhBBZnNZOtalmenw==",
      "funding": [
        {
          "type": "individual",
          "url": "https://github.com/sponsors/RubenVerborgh"
        }
      ],
      "engines": {
        "node": ">=4.0"
      },
      "peerDependenciesMeta": {
        "debug": {
          "optional": true
        }
      }
    },
    "node_modules/form-data": {
      "version": "2.5.1",
      "resolved": "https://registry.npmjs.org/form-data/-/form-data-2.5.1.tgz",
      "integrity": "sha512-m21N3WOmEEURgk6B9GLOE4RuWOFf28Lhh9qGYeNlGq4VDXUlJy2th2slBNU8Gp8EzloYZOibZJ7t5ecIrFSjVA==",
      "dependencies": {
        "asynckit": "^0.4.0",
        "combined-stream": "^1.0.6",
        "mime-types": "^2.1.12"
      },
      "engines": {
        "node": ">= 0.12"
      }
    },
    "node_modules/is-docker": {
      "version": "2.2.1",
      "resolved": "https://registry.npmjs.org/is-docker/-/is-docker-2.2.1.tgz",
      "integrity": "sha512-F+i2BKsFrH66iaUFc0woD8sLy8getkwTwtOBjvs56Cx4CgJDeKQeqfz8wAYiSb8JOprWhHH5p77PbmYCvvUuXQ==",
      "bin": {
        "is-docker": "cli.js"
      },
      "engines": {
        "node": ">=8"
      },
      "funding": {
        "url": "https://github.com/sponsors/sindresorhus"
      }
    },
    "node_modules/is-electron": {
      "version": "2.2.0",
      "resolved": "https://registry.npmjs.org/is-electron/-/is-electron-2.2.0.tgz",
      "integrity": "sha512-SpMppC2XR3YdxSzczXReBjqs2zGscWQpBIKqwXYBFic0ERaxNVgwLCHwOLZeESfdJQjX0RDvrJ1lBXX2ij+G1Q=="
    },
    "node_modules/is-stream": {
      "version": "1.1.0",
      "resolved": "https://registry.npmjs.org/is-stream/-/is-stream-1.1.0.tgz",
      "integrity": "sha1-EtSj3U5o4Lec6428hBc66A2RykQ=",
      "engines": {
        "node": ">=0.10.0"
      }
    },
    "node_modules/is-wsl": {
      "version": "2.2.0",
      "resolved": "https://registry.npmjs.org/is-wsl/-/is-wsl-2.2.0.tgz",
      "integrity": "sha512-fKzAra0rGJUUBwGBgNkHZuToZcn+TtXHpeCgmkMJMMYx1sQDYaCSyjJBSCa2nH1DGm7s3n1oBnohoVTBaN7Lww==",
      "dependencies": {
        "is-docker": "^2.0.0"
      },
      "engines": {
        "node": ">=8"
      }
    },
    "node_modules/mime-db": {
      "version": "1.49.0",
      "resolved": "https://registry.npmjs.org/mime-db/-/mime-db-1.49.0.tgz",
      "integrity": "sha512-CIc8j9URtOVApSFCQIF+VBkX1RwXp/oMMOrqdyXSBXq5RWNEsRfyj1kiRnQgmNXmHxPoFIxOroKA3zcU9P+nAA==",
      "engines": {
        "node": ">= 0.6"
      }
    },
    "node_modules/mime-types": {
      "version": "2.1.32",
      "resolved": "https://registry.npmjs.org/mime-types/-/mime-types-2.1.32.tgz",
      "integrity": "sha512-hJGaVS4G4c9TSMYh2n6SQAGrC4RnfU+daP8G7cSCmaqNjiOoUY0VHCMS42pxnQmVF1GWwFhbHWn3RIxCqTmZ9A==",
      "dependencies": {
        "mime-db": "1.49.0"
      },
      "engines": {
        "node": ">= 0.6"
      }
    },
    "node_modules/open": {
      "version": "7.4.2",
      "resolved": "https://registry.npmjs.org/open/-/open-7.4.2.tgz",
      "integrity": "sha512-MVHddDVweXZF3awtlAS+6pgKLlm/JgxZ90+/NBurBoQctVOOB/zDdVjcyPzQ+0laDGbsWgrRkflI65sQeOgT9Q==",
      "dependencies": {
        "is-docker": "^2.0.0",
        "is-wsl": "^2.1.1"
      },
      "engines": {
        "node": ">=8"
      },
      "funding": {
        "url": "https://github.com/sponsors/sindresorhus"
      }
    },
    "node_modules/p-finally": {
      "version": "1.0.0",
      "resolved": "https://registry.npmjs.org/p-finally/-/p-finally-1.0.0.tgz",
      "integrity": "sha1-P7z7FbiZpEEjs0ttzBi3JDNqLK4=",
      "engines": {
        "node": ">=4"
      }
    },
    "node_modules/p-queue": {
      "version": "6.6.2",
      "resolved": "https://registry.npmjs.org/p-queue/-/p-queue-6.6.2.tgz",
      "integrity": "sha512-RwFpb72c/BhQLEXIZ5K2e+AhgNVmIejGlTgiB9MzZ0e93GRvqZ7uSi0dvRF7/XIXDeNkra2fNHBxTyPDGySpjQ==",
      "dependencies": {
        "eventemitter3": "^4.0.4",
        "p-timeout": "^3.2.0"
      },
      "engines": {
        "node": ">=8"
      },
      "funding": {
        "url": "https://github.com/sponsors/sindresorhus"
      }
    },
    "node_modules/p-queue/node_modules/eventemitter3": {
      "version": "4.0.7",
      "resolved": "https://registry.npmjs.org/eventemitter3/-/eventemitter3-4.0.7.tgz",
      "integrity": "sha512-8guHBZCwKnFhYdHr2ysuRWErTwhoN2X8XELRlrRwpmfeY2jjuUN4taQMsULKUVo1K4DvZl+0pgfyoysHxvmvEw=="
    },
    "node_modules/p-retry": {
      "version": "4.6.1",
      "resolved": "https://registry.npmjs.org/p-retry/-/p-retry-4.6.1.tgz",
      "integrity": "sha512-e2xXGNhZOZ0lfgR9kL34iGlU8N/KO0xZnQxVEwdeOvpqNDQfdnxIYizvWtK8RglUa3bGqI8g0R/BdfzLMxRkiA==",
      "dependencies": {
        "@types/retry": "^0.12.0",
        "retry": "^0.13.1"
      },
      "engines": {
        "node": ">=8"
      }
    },
    "node_modules/p-timeout": {
      "version": "3.2.0",
      "resolved": "https://registry.npmjs.org/p-timeout/-/p-timeout-3.2.0.tgz",
      "integrity": "sha512-rhIwUycgwwKcP9yTOOFK/AKsAopjjCakVqLHePO3CC6Mir1Z99xT+R63jZxAT5lFZLa2inS5h+ZS2GvR99/FBg==",
      "dependencies": {
        "p-finally": "^1.0.0"
      },
      "engines": {
        "node": ">=8"
      }
    },
    "node_modules/retry": {
      "version": "0.13.1",
      "resolved": "https://registry.npmjs.org/retry/-/retry-0.13.1.tgz",
      "integrity": "sha512-XQBQ3I8W1Cge0Seh+6gjj03LbmRFWuoszgK9ooCpwYIrhhoO80pfq4cUkU5DkknwfOfFteRwlZ56PYOGYyFWdg==",
      "engines": {
        "node": ">= 4"
      }
    },
    "node_modules/sha1": {
      "version": "1.1.1",
      "resolved": "https://registry.npmjs.org/sha1/-/sha1-1.1.1.tgz",
      "integrity": "sha1-rdqnqTFo85PxnrKxUJFhjicA+Eg=",
      "dependencies": {
        "charenc": ">= 0.0.1",
        "crypt": ">= 0.0.1"
      },
      "engines": {
        "node": "*"
      }
    },
    "node_modules/tslib": {
      "version": "2.3.1",
      "resolved": "https://registry.npmjs.org/tslib/-/tslib-2.3.1.tgz",
      "integrity": "sha512-77EbyPPpMz+FRFRuAFlWMtmgUWGe9UOG2Z25NqCwiIjRhOf5iKGuzSe5P2w1laq+FkRy4p+PCuVkJSGkzTEKVw=="
    }
  },
  "dependencies": {
    "@aws-sdk/shared-ini-file-loader": {
      "version": "3.29.0",
      "resolved": "https://registry.npmjs.org/@aws-sdk/shared-ini-file-loader/-/shared-ini-file-loader-3.29.0.tgz",
      "integrity": "sha512-x4Chk4+iMiYaxcomZjdg7IwU1mQhJ7iPl/3RrIqCShPIOZDwwH4vLl6Fw0bniOZiHK30JQ1wlAgLxzVP0JMHTw==",
      "requires": {
        "tslib": "^2.3.0"
      }
    },
    "@mhlabs/aws-sdk-sso": {
      "version": "0.0.16",
      "resolved": "https://registry.npmjs.org/@mhlabs/aws-sdk-sso/-/aws-sdk-sso-0.0.16.tgz",
      "integrity": "sha512-2/4NoPr6LdGORmFi2rubeIIcPWJOaghJNH3bRjPuPw6QEY379PKTUDNYbLb65fbtIARLc+GZvd8YtPBt2hNRKw==",
      "requires": {
        "@aws-sdk/shared-ini-file-loader": "^3.7.0",
        "open": "^7.1.0",
        "sha1": "^1.1.1"
      }
    },
    "@slack/logger": {
      "version": "3.0.0",
      "resolved": "https://registry.npmjs.org/@slack/logger/-/logger-3.0.0.tgz",
      "integrity": "sha512-DTuBFbqu4gGfajREEMrkq5jBhcnskinhr4+AnfJEk48zhVeEv3XnUKGIX98B74kxhYsIMfApGGySTn7V3b5yBA==",
      "requires": {
        "@types/node": ">=12.0.0"
      }
    },
    "@slack/types": {
      "version": "2.2.0",
      "resolved": "https://registry.npmjs.org/@slack/types/-/types-2.2.0.tgz",
      "integrity": "sha512-/yHEFvgp0UY/lfFvQqbq9BocW/pM4xnGycqGAx+plRgYp96dZp1y50Whz7yzOgasEUsy5TyQfBK07cj0RwUyIg=="
    },
    "@slack/web-api": {
      "version": "6.4.0",
      "resolved": "https://registry.npmjs.org/@slack/web-api/-/web-api-6.4.0.tgz",
      "integrity": "sha512-Hi0pq60d/zCqn1UQvuSyrMcoLGNbKUBL/Tmk1b1RPTZdVYiRK8zp337glvhxTBwiaGOu+58uO5yflpK1AAuoRw==",
      "requires": {
        "@slack/logger": "^3.0.0",
        "@slack/types": "^2.0.0",
        "@types/is-stream": "^1.1.0",
        "@types/node": ">=12.0.0",
        "axios": "^0.21.1",
        "eventemitter3": "^3.1.0",
        "form-data": "^2.5.0",
        "is-electron": "^2.2.0",
        "is-stream": "^1.1.0",
        "p-queue": "^6.6.1",
        "p-retry": "^4.0.0"
      }
    },
    "@types/is-stream": {
      "version": "1.1.0",
      "resolved": "https://registry.npmjs.org/@types/is-stream/-/is-stream-1.1.0.tgz",
      "integrity": "sha512-jkZatu4QVbR60mpIzjINmtS1ZF4a/FqdTUTBeQDVOQ2PYyidtwFKr0B5G6ERukKwliq+7mIXvxyppwzG5EgRYg==",
      "requires": {
        "@types/node": "*"
      }
    },
    "@types/node": {
      "version": "16.9.1",
      "resolved": "https://registry.npmjs.org/@types/node/-/node-16.9.1.tgz",
      "integrity": "sha512-QpLcX9ZSsq3YYUUnD3nFDY8H7wctAhQj/TFKL8Ya8v5fMm3CFXxo8zStsLAl780ltoYoo1WvKUVGBQK+1ifr7g=="
    },
    "@types/retry": {
      "version": "0.12.1",
      "resolved": "https://registry.npmjs.org/@types/retry/-/retry-0.12.1.tgz",
      "integrity": "sha512-xoDlM2S4ortawSWORYqsdU+2rxdh4LRW9ytc3zmT37RIKQh6IHyKwwtKhKis9ah8ol07DCkZxPt8BBvPjC6v4g=="
    },
    "asynckit": {
      "version": "0.4.0",
      "resolved": "https://registry.npmjs.org/asynckit/-/asynckit-0.4.0.tgz",
      "integrity": "sha1-x57Zf380y48robyXkLzDZkdLS3k="
    },
    "axios": {
      "version": "0.21.4",
      "resolved": "https://registry.npmjs.org/axios/-/axios-0.21.4.tgz",
      "integrity": "sha512-ut5vewkiu8jjGBdqpM44XxjuCjq9LAKeHVmoVfHVzy8eHgxxq8SbAVQNovDA8mVi05kP0Ea/n/UzcSHcTJQfNg==",
      "requires": {
        "follow-redirects": "^1.14.0"
      }
    },
    "charenc": {
      "version": "0.0.2",
      "resolved": "https://registry.npmjs.org/charenc/-/charenc-0.0.2.tgz",
      "integrity": "sha1-wKHS86cJLgN3S/qD8UwPxXkKhmc="
    },
    "combined-stream": {
      "version": "1.0.8",
      "resolved": "https://registry.npmjs.org/combined-stream/-/combined-stream-1.0.8.tgz",
      "integrity": "sha512-FQN4MRfuJeHf7cBbBMJFXhKSDq+2kAArBlmRBvcvFE5BB1HZKXtSFASDhdlz9zOYwxh8lDdnvmMOe/+5cdoEdg==",
      "requires": {
        "delayed-stream": "~1.0.0"
      }
    },
    "crypt": {
      "version": "0.0.2",
      "resolved": "https://registry.npmjs.org/crypt/-/crypt-0.0.2.tgz",
      "integrity": "sha1-iNf/fsDfuG9xPch7u0LQRNPmxBs="
    },
    "delayed-stream": {
      "version": "1.0.0",
      "resolved": "https://registry.npmjs.org/delayed-stream/-/delayed-stream-1.0.0.tgz",
      "integrity": "sha1-3zrhmayt+31ECqrgsp4icrJOxhk="
    },
    "eventemitter3": {
      "version": "3.1.2",
      "resolved": "https://registry.npmjs.org/eventemitter3/-/eventemitter3-3.1.2.tgz",
      "integrity": "sha512-tvtQIeLVHjDkJYnzf2dgVMxfuSGJeM/7UCG17TT4EumTfNtF+0nebF/4zWOIkCreAbtNqhGEboB6BWrwqNaw4Q=="
    },
    "follow-redirects": {
      "version": "1.14.3",
      "resolved": "https://registry.npmjs.org/follow-redirects/-/follow-redirects-1.14.3.tgz",
      "integrity": "sha512-3MkHxknWMUtb23apkgz/83fDoe+y+qr0TdgacGIA7bew+QLBo3vdgEN2xEsuXNivpFy4CyDhBBZnNZOtalmenw=="
    },
    "form-data": {
      "version": "2.5.1",
      "resolved": "https://registry.npmjs.org/form-data/-/form-data-2.5.1.tgz",
      "integrity": "sha512-m21N3WOmEEURgk6B9GLOE4RuWOFf28Lhh9qGYeNlGq4VDXUlJy2th2slBNU8Gp8EzloYZOibZJ7t5ecIrFSjVA==",
      "requires": {
        "asynckit": "^0.4.0",
        "combined-stream": "^1.0.6",
        "mime-types": "^2.1.12"
      }
    },
    "is-docker": {
      "version": "2.2.1",
      "resolved": "https://registry.npmjs.org/is-docker/-/is-docker-2.2.1.tgz",
      "integrity": "sha512-F+i2BKsFrH66iaUFc0woD8sLy8getkwTwtOBjvs56Cx4CgJDeKQeqfz8wAYiSb8JOprWhHH5p77PbmYCvvUuXQ=="
    },
    "is-electron": {
      "version": "2.2.0",
      "resolved": "https://registry.npmjs.org/is-electron/-/is-electron-2.2.0.tgz",
      "integrity": "sha512-SpMppC2XR3YdxSzczXReBjqs2zGscWQpBIKqwXYBFic0ERaxNVgwLCHwOLZeESfdJQjX0RDvrJ1lBXX2ij+G1Q=="
    },
    "is-stream": {
      "version": "1.1.0",
      "resolved": "https://registry.npmjs.org/is-stream/-/is-stream-1.1.0.tgz",
      "integrity": "sha1-EtSj3U5o4Lec6428hBc66A2RykQ="
    },
    "is-wsl": {
      "version": "2.2.0",
      "resolved": "https://registry.npmjs.org/is-wsl/-/is-wsl-2.2.0.tgz",
      "integrity": "sha512-fKzAra0rGJUUBwGBgNkHZuToZcn+TtXHpeCgmkMJMMYx1sQDYaCSyjJBSCa2nH1DGm7s3n1oBnohoVTBaN7Lww==",
      "requires": {
        "is-docker": "^2.0.0"
      }
    },
    "mime-db": {
      "version": "1.49.0",
      "resolved": "https://registry.npmjs.org/mime-db/-/mime-db-1.49.0.tgz",
      "integrity": "sha512-CIc8j9URtOVApSFCQIF+VBkX1RwXp/oMMOrqdyXSBXq5RWNEsRfyj1kiRnQgmNXmHxPoFIxOroKA3zcU9P+nAA=="
    },
    "mime-types": {
      "version": "2.1.32",
      "resolved": "https://registry.npmjs.org/mime-types/-/mime-types-2.1.32.tgz",
      "integrity": "sha512-hJGaVS4G4c9TSMYh2n6SQAGrC4RnfU+daP8G7cSCmaqNjiOoUY0VHCMS42pxnQmVF1GWwFhbHWn3RIxCqTmZ9A==",
      "requires": {
        "mime-db": "1.49.0"
      }
    },
    "open": {
      "version": "7.4.2",
      "resolved": "https://registry.npmjs.org/open/-/open-7.4.2.tgz",
      "integrity": "sha512-MVHddDVweXZF3awtlAS+6pgKLlm/JgxZ90+/NBurBoQctVOOB/zDdVjcyPzQ+0laDGbsWgrRkflI65sQeOgT9Q==",
      "requires": {
        "is-docker": "^2.0.0",
        "is-wsl": "^2.1.1"
      }
    },
    "p-finally": {
      "version": "1.0.0",
      "resolved": "https://registry.npmjs.org/p-finally/-/p-finally-1.0.0.tgz",
      "integrity": "sha1-P7z7FbiZpEEjs0ttzBi3JDNqLK4="
    },
    "p-queue": {
      "version": "6.6.2",
      "resolved": "https://registry.npmjs.org/p-queue/-/p-queue-6.6.2.tgz",
      "integrity": "sha512-RwFpb72c/BhQLEXIZ5K2e+AhgNVmIejGlTgiB9MzZ0e93GRvqZ7uSi0dvRF7/XIXDeNkra2fNHBxTyPDGySpjQ==",
      "requires": {
        "eventemitter3": "^4.0.4",
        "p-timeout": "^3.2.0"
      },
      "dependencies": {
        "eventemitter3": {
          "version": "4.0.7",
          "resolved": "https://registry.npmjs.org/eventemitter3/-/eventemitter3-4.0.7.tgz",
          "integrity": "sha512-8guHBZCwKnFhYdHr2ysuRWErTwhoN2X8XELRlrRwpmfeY2jjuUN4taQMsULKUVo1K4DvZl+0pgfyoysHxvmvEw=="
        }
      }
    },
    "p-retry": {
      "version": "4.6.1",
      "resolved": "https://registry.npmjs.org/p-retry/-/p-retry-4.6.1.tgz",
      "integrity": "sha512-e2xXGNhZOZ0lfgR9kL34iGlU8N/KO0xZnQxVEwdeOvpqNDQfdnxIYizvWtK8RglUa3bGqI8g0R/BdfzLMxRkiA==",
      "requires": {
        "@types/retry": "^0.12.0",
        "retry": "^0.13.1"
      }
    },
    "p-timeout": {
      "version": "3.2.0",
      "resolved": "https://registry.npmjs.org/p-timeout/-/p-timeout-3.2.0.tgz",
      "integrity": "sha512-rhIwUycgwwKcP9yTOOFK/AKsAopjjCakVqLHePO3CC6Mir1Z99xT+R63jZxAT5lFZLa2inS5h+ZS2GvR99/FBg==",
      "requires": {
        "p-finally": "^1.0.0"
      }
    },
    "retry": {
      "version": "0.13.1",
      "resolved": "https://registry.npmjs.org/retry/-/retry-0.13.1.tgz",
      "integrity": "sha512-XQBQ3I8W1Cge0Seh+6gjj03LbmRFWuoszgK9ooCpwYIrhhoO80pfq4cUkU5DkknwfOfFteRwlZ56PYOGYyFWdg=="
    },
    "sha1": {
      "version": "1.1.1",
      "resolved": "https://registry.npmjs.org/sha1/-/sha1-1.1.1.tgz",
      "integrity": "sha1-rdqnqTFo85PxnrKxUJFhjicA+Eg=",
      "requires": {
        "charenc": ">= 0.0.1",
        "crypt": ">= 0.0.1"
      }
    },
    "tslib": {
      "version": "2.3.1",
      "resolved": "https://registry.npmjs.org/tslib/-/tslib-2.3.1.tgz",
      "integrity": "sha512-77EbyPPpMz+FRFRuAFlWMtmgUWGe9UOG2Z25NqCwiIjRhOf5iKGuzSe5P2w1laq+FkRy4p+PCuVkJSGkzTEKVw=="
    }
  }
}
